
Microsoft Visual Studio Solution File, Format Version 12.00
# Visual Studio Version 17
VisualStudioVersion = 17.5.002.0
MinimumVisualStudioVersion = 10.0.40219.1
Project("{9A19103F-16F7-4668-BE54-9A1E7A4F7556}") = "catalog", "catalog.csproj", "{1BF104F1-AC11-4E15-9058-18C02989DE5F}"
EndProject
Global
	GlobalSection(SolutionConfigurationPlatforms) = preSolution
		Debug|Any CPU = Debug|Any CPU
		Release|Any CPU = Release|Any CPU
	EndGlobalSection
	GlobalSection(ProjectConfigurationPlatforms) = postSolution
		{1BF104F1-AC11-4E15-9058-18C02989DE5F}.Debug|Any CPU.ActiveCfg = Debug|Any CPU
		{1BF104F1-AC11-4E15-9058-18C02989DE5F}.Debug|Any CPU.Build.0 = Debug|Any CPU
		{1BF104F1-AC11-4E15-9058-18C02989DE5F}.Release|Any CPU.ActiveCfg = Release|Any CPU
		{1BF104F1-AC11-4E15-9058-18C02989DE5F}.Release|Any CPU.Build.0 = Release|Any CPU
	EndGlobalSection
	GlobalSection(SolutionProperties) = preSolution
		HideSolutionNode = FALSE
	EndGlobalSection
	GlobalSection(ExtensibilityGlobals) = postSolution
		SolutionGuid = {E5E33D92-50D5-42A9-8AD2-5BA099469397}
	EndGlobalSection
EndGlobal
